
Microsoft Visual Studio Solution File, Format Version 12.00
# Visual Studio Version 17
VisualStudioVersion = 17.5.33516.290
MinimumVisualStudioVersion = 10.0.40219.1
Project("{FAE04EC0-301F-11D3-BF4B-00C04F79EFBC}") = "idClaimPractise", "idClaimPractise\idClaimPractise.csproj", "{8E057966-0760-4652-8780-D1C586D1DAE0}"
EndProject
Global
	GlobalSection(SolutionConfigurationPlatforms) = preSolution
		Debug|Any CPU = Debug|Any CPU
		Release|Any CPU = Release|Any CPU
	EndGlobalSection
	GlobalSection(ProjectConfigurationPlatforms) = postSolution
		{8E057966-0760-4652-8780-D1C586D1DAE0}.Debug|Any CPU.ActiveCfg = Debug|Any CPU
		{8E057966-0760-4652-8780-D1C586D1DAE0}.Debug|Any CPU.Build.0 = Debug|Any CPU
		{8E057966-0760-4652-8780-D1C586D1DAE0}.Release|Any CPU.ActiveCfg = Release|Any CPU
		{8E057966-0760-4652-8780-D1C586D1DAE0}.Release|Any CPU.Build.0 = Release|Any CPU
	EndGlobalSection
	GlobalSection(SolutionProperties) = preSolution
		HideSolutionNode = FALSE
	EndGlobalSection
	GlobalSection(ExtensibilityGlobals) = postSolution
		SolutionGuid = {51371257-A9EC-47B7-8902-1A6FD6973622}
	EndGlobalSection
EndGlobal
